
Microsoft Visual Studio Solution File, Format Version 12.00
# Visual Studio Version 17
VisualStudioVersion = 17.7.34009.444
MinimumVisualStudioVersion = 10.0.40219.1
Project("{FAE04EC0-301F-11D3-BF4B-00C04F79EFBC}") = "Gielda_Biblioteka", "Gielda_Biblioteka\Gielda_Biblioteka.csproj", "{AE10EC77-9682-48F3-8C61-BACBA768C163}"
EndProject
Project("{FAE04EC0-301F-11D3-BF4B-00C04F79EFBC}") = "Gielda_Program", "Gielda_Program\Gielda_Program.csproj", "{9970FBD2-8E44-43A4-8C7F-8930953681F3}"
EndProject
Global
	GlobalSection(SolutionConfigurationPlatforms) = preSolution
		Debug|Any CPU = Debug|Any CPU
		Release|Any CPU = Release|Any CPU
	EndGlobalSection
	GlobalSection(ProjectConfigurationPlatforms) = postSolution
		{AE10EC77-9682-48F3-8C61-BACBA768C163}.Debug|Any CPU.ActiveCfg = Debug|Any CPU
		{AE10EC77-9682-48F3-8C61-BACBA768C163}.Debug|Any CPU.Build.0 = Debug|Any CPU
		{AE10EC77-9682-48F3-8C61-BACBA768C163}.Release|Any CPU.ActiveCfg = Release|Any CPU
		{AE10EC77-9682-48F3-8C61-BACBA768C163}.Release|Any CPU.Build.0 = Release|Any CPU
		{9970FBD2-8E44-43A4-8C7F-8930953681F3}.Debug|Any CPU.ActiveCfg = Debug|Any CPU
		{9970FBD2-8E44-43A4-8C7F-8930953681F3}.Debug|Any CPU.Build.0 = Debug|Any CPU
		{9970FBD2-8E44-43A4-8C7F-8930953681F3}.Release|Any CPU.ActiveCfg = Release|Any CPU
		{9970FBD2-8E44-43A4-8C7F-8930953681F3}.Release|Any CPU.Build.0 = Release|Any CPU
	EndGlobalSection
	GlobalSection(SolutionProperties) = preSolution
		HideSolutionNode = FALSE
	EndGlobalSection
	GlobalSection(ExtensibilityGlobals) = postSolution
		SolutionGuid = {962997E6-4940-49ED-9D6C-CF28994BE494}
	EndGlobalSection
EndGlobal
